// !$*UTF8*$!
{
	archiveVersion = 1;
	classes = {
	};
	objectVersion = 50;
	objects = {

/* Begin PBXBuildFile section */
		310ED6262103646300BEB0F3 /* MoviesListPresenter.swift in Sources */ = {isa = PBXBuildFile; fileRef = 310ED6252103646300BEB0F3 /* MoviesListPresenter.swift */; };
		310ED62A2103D44300BEB0F3 /* UITableView+Extension.swift in Sources */ = {isa = PBXBuildFile; fileRef = 310ED6292103D44300BEB0F3 /* UITableView+Extension.swift */; };
		310ED62C2103D48300BEB0F3 /* String+Extension.swift in Sources */ = {isa = PBXBuildFile; fileRef = 310ED62B2103D48300BEB0F3 /* String+Extension.swift */; };
		310ED6312103D5FD00BEB0F3 /* MovieCell.xib in Resources */ = {isa = PBXBuildFile; fileRef = 310ED62F2103D5FD00BEB0F3 /* MovieCell.xib */; };
		310ED6322103D5FD00BEB0F3 /* MovieCell.swift in Sources */ = {isa = PBXBuildFile; fileRef = 310ED6302103D5FD00BEB0F3 /* MovieCell.swift */; };
		310ED6342103E06800BEB0F3 /* Constants.swift in Sources */ = {isa = PBXBuildFile; fileRef = 310ED6332103E06800BEB0F3 /* Constants.swift */; };
		310ED6372103EF9D00BEB0F3 /* ErrorCell.xib in Resources */ = {isa = PBXBuildFile; fileRef = 310ED6352103EF9B00BEB0F3 /* ErrorCell.xib */; };
		310ED6382103EF9D00BEB0F3 /* ErrorCell.swift in Sources */ = {isa = PBXBuildFile; fileRef = 310ED6362103EF9B00BEB0F3 /* ErrorCell.swift */; };
		310ED6412104A5D500BEB0F3 /* MockSearchMovieTests.swift in Sources */ = {isa = PBXBuildFile; fileRef = 310ED63F2104A5D500BEB0F3 /* MockSearchMovieTests.swift */; };
		31A2348020F75A6600E4320F /* splash.jpg in Resources */ = {isa = PBXBuildFile; fileRef = 31A2347F20F75A6600E4320F /* splash.jpg */; };
		31A2348720F75BA600E4320F /* CenturyGothicBold.ttf in Resources */ = {isa = PBXBuildFile; fileRef = 31A2348520F75B6200E4320F /* CenturyGothicBold.ttf */; };
		31A2348820F75BA600E4320F /* CenturyGothicRegular.ttf in Resources */ = {isa = PBXBuildFile; fileRef = 31A2348620F75B6200E4320F /* CenturyGothicRegular.ttf */; };
		31C13D8520FA990900433D7A /* MoviesListViewController.swift in Sources */ = {isa = PBXBuildFile; fileRef = 31C13D8420FA990900433D7A /* MoviesListViewController.swift */; };
		31C13D8A20FA9D3500433D7A /* UIViewController+Extension.swift in Sources */ = {isa = PBXBuildFile; fileRef = 31C13D8920FA9D3500433D7A /* UIViewController+Extension.swift */; };
		31C13D8D20FA9FE300433D7A /* MoviesDBUrls.swift in Sources */ = {isa = PBXBuildFile; fileRef = 31C13D8C20FA9FE300433D7A /* MoviesDBUrls.swift */; };
		31C13D8F20FAA6E600433D7A /* AppServiceManager.swift in Sources */ = {isa = PBXBuildFile; fileRef = 31C13D8E20FAA6E600433D7A /* AppServiceManager.swift */; };
		31C13D9120FAA82700433D7A /* SearchManager.swift in Sources */ = {isa = PBXBuildFile; fileRef = 31C13D9020FAA82700433D7A /* SearchManager.swift */; };
		31C13D9520FAB12700433D7A /* SearchResult.swift in Sources */ = {isa = PBXBuildFile; fileRef = 31C13D9320FAB12700433D7A /* SearchResult.swift */; };
		31C13D9620FAB12700433D7A /* Movie.swift in Sources */ = {isa = PBXBuildFile; fileRef = 31C13D9420FAB12700433D7A /* Movie.swift */; };
		31C13D9820FAB5DA00433D7A /* Utils.swift in Sources */ = {isa = PBXBuildFile; fileRef = 31C13D9720FAB5DA00433D7A /* Utils.swift */; };
		31D5B2A320F62B1100D54FA5 /* AppDelegate.swift in Sources */ = {isa = PBXBuildFile; fileRef = 31D5B2A220F62B1100D54FA5 /* AppDelegate.swift */; };
		31D5B2A820F62B1100D54FA5 /* Main.storyboard in Resources */ = {isa = PBXBuildFile; fileRef = 31D5B2A620F62B1100D54FA5 /* Main.storyboard */; };
		31D5B2AA20F62B1300D54FA5 /* Assets.xcassets in Resources */ = {isa = PBXBuildFile; fileRef = 31D5B2A920F62B1300D54FA5 /* Assets.xcassets */; };
		31D5B2AD20F62B1300D54FA5 /* LaunchScreen.storyboard in Resources */ = {isa = PBXBuildFile; fileRef = 31D5B2AB20F62B1300D54FA5 /* LaunchScreen.storyboard */; };
		31D5B2B820F62B1300D54FA5 /* CUAEMoviesAppTests.swift in Sources */ = {isa = PBXBuildFile; fileRef = 31D5B2B720F62B1300D54FA5 /* CUAEMoviesAppTests.swift */; };
		31D5B2C320F62B1300D54FA5 /* CUAEMoviesAppUITests.swift in Sources */ = {isa = PBXBuildFile; fileRef = 31D5B2C220F62B1300D54FA5 /* CUAEMoviesAppUITests.swift */; };
		46D219B9160422D841F021A9 /* Pods_CUAEMoviesApp.framework in Frameworks */ = {isa = PBXBuildFile; fileRef = 0D3ECCB7298BEE6F2AACB76B /* Pods_CUAEMoviesApp.framework */; };
		6978DDA5FF62DB948337F857 /* Pods_CUAEMoviesAppTests.framework in Frameworks */ = {isa = PBXBuildFile; fileRef = 5E40596756FB2E2E2E4EE45F /* Pods_CUAEMoviesAppTests.framework */; };
		94C0F11762426396434DCE14 /* Pods_CUAEMoviesAppUITests.framework in Frameworks */ = {isa = PBXBuildFile; fileRef = BBAEE85266CFDF912A5A8442 /* Pods_CUAEMoviesAppUITests.framework */; };
/* End PBXBuildFile section */

/* Begin PBXContainerItemProxy section */
		31D5B2B420F62B1300D54FA5 /* PBXContainerItemProxy */ = {
			isa = PBXContainerItemProxy;
			containerPortal = 31D5B29720F62B1100D54FA5 /* Project object */;
			proxyType = 1;
			remoteGlobalIDString = 31D5B29E20F62B1100D54FA5;
			remoteInfo = CUAEMoviesApp;
		};
		31D5B2BF20F62B1300D54FA5 /* PBXContainerItemProxy */ = {
			isa = PBXContainerItemProxy;
			containerPortal = 31D5B29720F62B1100D54FA5 /* Project object */;
			proxyType = 1;
			remoteGlobalIDString = 31D5B29E20F62B1100D54FA5;
			remoteInfo = CUAEMoviesApp;
		};
/* End PBXContainerItemProxy section */

/* Begin PBXFileReference section */
		0D3ECCB7298BEE6F2AACB76B /* Pods_CUAEMoviesApp.framework */ = {isa = PBXFileReference; explicitFileType = wrapper.framework; includeInIndex = 0; path = Pods_CUAEMoviesApp.framework; sourceTree = BUILT_PRODUCTS_DIR; };
		30B45DD235C26A23F81EA412 /* Pods-CUAEMoviesAppTests.release.xcconfig */ = {isa = PBXFileReference; includeInIndex = 1; lastKnownFileType = text.xcconfig; name = "Pods-CUAEMoviesAppTests.release.xcconfig"; path = "Pods/Target Support Files/Pods-CUAEMoviesAppTests/Pods-CUAEMoviesAppTests.release.xcconfig"; sourceTree = "<group>"; };
		310ED6252103646300BEB0F3 /* MoviesListPresenter.swift */ = {isa = PBXFileReference; lastKnownFileType = sourcecode.swift; path = MoviesListPresenter.swift; sourceTree = "<group>"; };
		310ED6282103D2F000BEB0F3 /* en */ = {isa = PBXFileReference; lastKnownFileType = text.plist.strings; name = en; path = en.lproj/Main.strings; sourceTree = "<group>"; };
		310ED6292103D44300BEB0F3 /* UITableView+Extension.swift */ = {isa = PBXFileReference; lastKnownFileType = sourcecode.swift; path = "UITableView+Extension.swift"; sourceTree = "<group>"; };
		310ED62B2103D48300BEB0F3 /* String+Extension.swift */ = {isa = PBXFileReference; lastKnownFileType = sourcecode.swift; path = "String+Extension.swift"; sourceTree = "<group>"; };
		310ED62F2103D5FD00BEB0F3 /* MovieCell.xib */ = {isa = PBXFileReference; fileEncoding = 4; lastKnownFileType = file.xib; path = MovieCell.xib; sourceTree = "<group>"; };
		310ED6302103D5FD00BEB0F3 /* MovieCell.swift */ = {isa = PBXFileReference; fileEncoding = 4; lastKnownFileType = sourcecode.swift; path = MovieCell.swift; sourceTree = "<group>"; };
		310ED6332103E06800BEB0F3 /* Constants.swift */ = {isa = PBXFileReference; lastKnownFileType = sourcecode.swift; path = Constants.swift; sourceTree = "<group>"; };
		310ED6352103EF9B00BEB0F3 /* ErrorCell.xib */ = {isa = PBXFileReference; fileEncoding = 4; lastKnownFileType = file.xib; path = ErrorCell.xib; sourceTree = "<group>"; };
		310ED6362103EF9B00BEB0F3 /* ErrorCell.swift */ = {isa = PBXFileReference; fileEncoding = 4; lastKnownFileType = sourcecode.swift; path = ErrorCell.swift; sourceTree = "<group>"; };
		310ED63F2104A5D500BEB0F3 /* MockSearchMovieTests.swift */ = {isa = PBXFileReference; fileEncoding = 4; lastKnownFileType = sourcecode.swift; path = MockSearchMovieTests.swift; sourceTree = "<group>"; };
		31A2347F20F75A6600E4320F /* splash.jpg */ = {isa = PBXFileReference; lastKnownFileType = image.jpeg; path = splash.jpg; sourceTree = "<group>"; };
		31A2348520F75B6200E4320F /* CenturyGothicBold.ttf */ = {isa = PBXFileReference; lastKnownFileType = file; path = CenturyGothicBold.ttf; sourceTree = "<group>"; };
		31A2348620F75B6200E4320F /* CenturyGothicRegular.ttf */ = {isa = PBXFileReference; lastKnownFileType = file; path = CenturyGothicRegular.ttf; sourceTree = "<group>"; };
		31C13D8420FA990900433D7A /* MoviesListViewController.swift */ = {isa = PBXFileReference; lastKnownFileType = sourcecode.swift; path = MoviesListViewController.swift; sourceTree = "<group>"; };
		31C13D8920FA9D3500433D7A /* UIViewController+Extension.swift */ = {isa = PBXFileReference; lastKnownFileType = sourcecode.swift; path = "UIViewController+Extension.swift"; sourceTree = "<group>"; };
		31C13D8C20FA9FE300433D7A /* MoviesDBUrls.swift */ = {isa = PBXFileReference; lastKnownFileType = sourcecode.swift; path = MoviesDBUrls.swift; sourceTree = "<group>"; };
		31C13D8E20FAA6E600433D7A /* AppServiceManager.swift */ = {isa = PBXFileReference; lastKnownFileType = sourcecode.swift; path = AppServiceManager.swift; sourceTree = "<group>"; };
		31C13D9020FAA82700433D7A /* SearchManager.swift */ = {isa = PBXFileReference; lastKnownFileType = sourcecode.swift; path = SearchManager.swift; sourceTree = "<group>"; };
		31C13D9320FAB12700433D7A /* SearchResult.swift */ = {isa = PBXFileReference; fileEncoding = 4; lastKnownFileType = sourcecode.swift; path = SearchResult.swift; sourceTree = "<group>"; };
		31C13D9420FAB12700433D7A /* Movie.swift */ = {isa = PBXFileReference; fileEncoding = 4; lastKnownFileType = sourcecode.swift; path = Movie.swift; sourceTree = "<group>"; };
		31C13D9720FAB5DA00433D7A /* Utils.swift */ = {isa = PBXFileReference; lastKnownFileType = sourcecode.swift; path = Utils.swift; sourceTree = "<group>"; };
		31D5B29F20F62B1100D54FA5 /* CUAEMoviesApp.app */ = {isa = PBXFileReference; explicitFileType = wrapper.application; includeInIndex = 0; path = CUAEMoviesApp.app; sourceTree = BUILT_PRODUCTS_DIR; };
		31D5B2A220F62B1100D54FA5 /* AppDelegate.swift */ = {isa = PBXFileReference; lastKnownFileType = sourcecode.swift; path = AppDelegate.swift; sourceTree = "<group>"; };
		31D5B2A720F62B1100D54FA5 /* Base */ = {isa = PBXFileReference; lastKnownFileType = file.storyboard; name = Base; path = Base.lproj/Main.storyboard; sourceTree = "<group>"; };
		31D5B2A920F62B1300D54FA5 /* Assets.xcassets */ = {isa = PBXFileReference; lastKnownFileType = folder.assetcatalog; path = Assets.xcassets; sourceTree = "<group>"; };
		31D5B2AC20F62B1300D54FA5 /* Base */ = {isa = PBXFileReference; lastKnownFileType = file.storyboard; name = Base; path = Base.lproj/LaunchScreen.storyboard; sourceTree = "<group>"; };
		31D5B2AE20F62B1300D54FA5 /* Info.plist */ = {isa = PBXFileReference; lastKnownFileType = text.plist.xml; path = Info.plist; sourceTree = "<group>"; };
		31D5B2B320F62B1300D54FA5 /* CUAEMoviesAppTests.xctest */ = {isa = PBXFileReference; explicitFileType = wrapper.cfbundle; includeInIndex = 0; path = CUAEMoviesAppTests.xctest; sourceTree = BUILT_PRODUCTS_DIR; };
		31D5B2B720F62B1300D54FA5 /* CUAEMoviesAppTests.swift */ = {isa = PBXFileReference; lastKnownFileType = sourcecode.swift; path = CUAEMoviesAppTests.swift; sourceTree = "<group>"; };
		31D5B2B920F62B1300D54FA5 /* Info.plist */ = {isa = PBXFileReference; lastKnownFileType = text.plist.xml; path = Info.plist; sourceTree = "<group>"; };
		31D5B2BE20F62B1300D54FA5 /* CUAEMoviesAppUITests.xctest */ = {isa = PBXFileReference; explicitFileType = wrapper.cfbundle; includeInIndex = 0; path = CUAEMoviesAppUITests.xctest; sourceTree = BUILT_PRODUCTS_DIR; };
		31D5B2C220F62B1300D54FA5 /* CUAEMoviesAppUITests.swift */ = {isa = PBXFileReference; lastKnownFileType = sourcecode.swift; path = CUAEMoviesAppUITests.swift; sourceTree = "<group>"; };
		31D5B2C420F62B1300D54FA5 /* Info.plist */ = {isa = PBXFileReference; lastKnownFileType = text.plist.xml; path = Info.plist; sourceTree = "<group>"; };
		4A005A022D933F35F6303EA8 /* Pods-CUAEMoviesAppUITests.debug.xcconfig */ = {isa = PBXFileReference; includeInIndex = 1; lastKnownFileType = text.xcconfig; name = "Pods-CUAEMoviesAppUITests.debug.xcconfig"; path = "Pods/Target Support Files/Pods-CUAEMoviesAppUITests/Pods-CUAEMoviesAppUITests.debug.xcconfig"; sourceTree = "<group>"; };
		5E40596756FB2E2E2E4EE45F /* Pods_CUAEMoviesAppTests.framework */ = {isa = PBXFileReference; explicitFileType = wrapper.framework; includeInIndex = 0; path = Pods_CUAEMoviesAppTests.framework; sourceTree = BUILT_PRODUCTS_DIR; };
		8A776F18BC7BE5EC76EA6B80 /* Pods-CUAEMoviesApp.release.xcconfig */ = {isa = PBXFileReference; includeInIndex = 1; lastKnownFileType = text.xcconfig; name = "Pods-CUAEMoviesApp.release.xcconfig"; path = "Pods/Target Support Files/Pods-CUAEMoviesApp/Pods-CUAEMoviesApp.release.xcconfig"; sourceTree = "<group>"; };
		8F270403AFE4C256BF79D1C7 /* Pods-CUAEMoviesAppUITests.release.xcconfig */ = {isa = PBXFileReference; includeInIndex = 1; lastKnownFileType = text.xcconfig; name = "Pods-CUAEMoviesAppUITests.release.xcconfig"; path = "Pods/Target Support Files/Pods-CUAEMoviesAppUITests/Pods-CUAEMoviesAppUITests.release.xcconfig"; sourceTree = "<group>"; };
		9E870D6555B8E7D5B1F7D5DC /* Pods-CUAEMoviesApp.debug.xcconfig */ = {isa = PBXFileReference; includeInIndex = 1; lastKnownFileType = text.xcconfig; name = "Pods-CUAEMoviesApp.debug.xcconfig"; path = "Pods/Target Support Files/Pods-CUAEMoviesApp/Pods-CUAEMoviesApp.debug.xcconfig"; sourceTree = "<group>"; };
		BBAEE85266CFDF912A5A8442 /* Pods_CUAEMoviesAppUITests.framework */ = {isa = PBXFileReference; explicitFileType = wrapper.framework; includeInIndex = 0; path = Pods_CUAEMoviesAppUITests.framework; sourceTree = BUILT_PRODUCTS_DIR; };
		FF5774F070FE4B6D70F2E6AE /* Pods-CUAEMoviesAppTests.debug.xcconfig */ = {isa = PBXFileReference; includeInIndex = 1; lastKnownFileType = text.xcconfig; name = "Pods-CUAEMoviesAppTests.debug.xcconfig"; path = "Pods/Target Support Files/Pods-CUAEMoviesAppTests/Pods-CUAEMoviesAppTests.debug.xcconfig"; sourceTree = "<group>"; };
/* End PBXFileReference section */

/* Begin PBXFrameworksBuildPhase section */
		31D5B29C20F62B1100D54FA5 /* Frameworks */ = {
			isa = PBXFrameworksBuildPhase;
			buildActionMask = 2147483647;
			files = (
				46D219B9160422D841F021A9 /* Pods_CUAEMoviesApp.framework in Frameworks */,
			);
			runOnlyForDeploymentPostprocessing = 0;
		};
		31D5B2B020F62B1300D54FA5 /* Frameworks */ = {
			isa = PBXFrameworksBuildPhase;
			buildActionMask = 2147483647;
			files = (
				6978DDA5FF62DB948337F857 /* Pods_CUAEMoviesAppTests.framework in Frameworks */,
			);
			runOnlyForDeploymentPostprocessing = 0;
		};
		31D5B2BB20F62B1300D54FA5 /* Frameworks */ = {
			isa = PBXFrameworksBuildPhase;
			buildActionMask = 2147483647;
			files = (
				94C0F11762426396434DCE14 /* Pods_CUAEMoviesAppUITests.framework in Frameworks */,
			);
			runOnlyForDeploymentPostprocessing = 0;
		};
/* End PBXFrameworksBuildPhase section */

/* Begin PBXGroup section */
		2F25B6F4B82B6DC62219BEDD /* Frameworks */ = {
			isa = PBXGroup;
			children = (
				0D3ECCB7298BEE6F2AACB76B /* Pods_CUAEMoviesApp.framework */,
				5E40596756FB2E2E2E4EE45F /* Pods_CUAEMoviesAppTests.framework */,
				BBAEE85266CFDF912A5A8442 /* Pods_CUAEMoviesAppUITests.framework */,
			);
			name = Frameworks;
			sourceTree = "<group>";
		};
		310ED6242103643B00BEB0F3 /* Presenter */ = {
			isa = PBXGroup;
			children = (
				310ED6252103646300BEB0F3 /* MoviesListPresenter.swift */,
			);
			path = Presenter;
			sourceTree = "<group>";
		};
		310ED62D2103D5DE00BEB0F3 /* Cells */ = {
			isa = PBXGroup;
			children = (
				310ED6302103D5FD00BEB0F3 /* MovieCell.swift */,
				310ED62F2103D5FD00BEB0F3 /* MovieCell.xib */,
				310ED6362103EF9B00BEB0F3 /* ErrorCell.swift */,
				310ED6352103EF9B00BEB0F3 /* ErrorCell.xib */,
			);
			path = Cells;
			sourceTree = "<group>";
		};
		310ED62E2103D5EB00BEB0F3 /* Views */ = {
			isa = PBXGroup;
			children = (
				310ED62D2103D5DE00BEB0F3 /* Cells */,
			);
			path = Views;
			sourceTree = "<group>";
		};
		310ED63B2104A5B100BEB0F3 /* Mock */ = {
			isa = PBXGroup;
			children = (
				310ED63F2104A5D500BEB0F3 /* MockSearchMovieTests.swift */,
			);
			path = Mock;
			sourceTree = "<group>";
		};
		31A2348120F75ADF00E4320F /* Fonts */ = {
			isa = PBXGroup;
			children = (
				31A2348520F75B6200E4320F /* CenturyGothicBold.ttf */,
				31A2348620F75B6200E4320F /* CenturyGothicRegular.ttf */,
			);
			path = Fonts;
			sourceTree = "<group>";
		};
		31C13D8320FA98E900433D7A /* Controllers */ = {
			isa = PBXGroup;
			children = (
				31C13D8420FA990900433D7A /* MoviesListViewController.swift */,
			);
			path = Controllers;
			sourceTree = "<group>";
		};
		31C13D8620FA9C9600433D7A /* Extensions */ = {
			isa = PBXGroup;
			children = (
				31C13D8720FA9C9F00433D7A /* CommonUI */,
				31C13D8820FA9CB100433D7A /* CommonUtils */,
			);
			path = Extensions;
			sourceTree = "<group>";
		};
		31C13D8720FA9C9F00433D7A /* CommonUI */ = {
			isa = PBXGroup;
			children = (
				310ED6292103D44300BEB0F3 /* UITableView+Extension.swift */,
			);
			path = CommonUI;
			sourceTree = "<group>";
		};
		31C13D8820FA9CB100433D7A /* CommonUtils */ = {
			isa = PBXGroup;
			children = (
				31C13D9720FAB5DA00433D7A /* Utils.swift */,
				31C13D8920FA9D3500433D7A /* UIViewController+Extension.swift */,
				310ED62B2103D48300BEB0F3 /* String+Extension.swift */,
				310ED6332103E06800BEB0F3 /* Constants.swift */,
			);
			path = CommonUtils;
			sourceTree = "<group>";
		};
		31C13D8B20FA9F9800433D7A /* ServiceProvider */ = {
			isa = PBXGroup;
			children = (
				31C13D8C20FA9FE300433D7A /* MoviesDBUrls.swift */,
				31C13D8E20FAA6E600433D7A /* AppServiceManager.swift */,
				31C13D9020FAA82700433D7A /* SearchManager.swift */,
			);
			path = ServiceProvider;
			sourceTree = "<group>";
		};
		31C13D9220FAB0F000433D7A /* Model */ = {
			isa = PBXGroup;
			children = (
				31C13D9420FAB12700433D7A /* Movie.swift */,
				31C13D9320FAB12700433D7A /* SearchResult.swift */,
			);
			path = Model;
			sourceTree = "<group>";
		};
		31D5B29620F62B1100D54FA5 = {
			isa = PBXGroup;
			children = (
				31D5B2A120F62B1100D54FA5 /* CUAEMoviesApp */,
				31D5B2B620F62B1300D54FA5 /* CUAEMoviesAppTests */,
				31D5B2C120F62B1300D54FA5 /* CUAEMoviesAppUITests */,
				31D5B2A020F62B1100D54FA5 /* Products */,
				CC202EC71321023D27F624D3 /* Pods */,
				2F25B6F4B82B6DC62219BEDD /* Frameworks */,
			);
			sourceTree = "<group>";
		};
		31D5B2A020F62B1100D54FA5 /* Products */ = {
			isa = PBXGroup;
			children = (
				31D5B29F20F62B1100D54FA5 /* CUAEMoviesApp.app */,
				31D5B2B320F62B1300D54FA5 /* CUAEMoviesAppTests.xctest */,
				31D5B2BE20F62B1300D54FA5 /* CUAEMoviesAppUITests.xctest */,
			);
			name = Products;
			sourceTree = "<group>";
		};
		31D5B2A120F62B1100D54FA5 /* CUAEMoviesApp */ = {
			isa = PBXGroup;
			children = (
				31D5B2A620F62B1100D54FA5 /* Main.storyboard */,
				31C13D9220FAB0F000433D7A /* Model */,
				31C13D8B20FA9F9800433D7A /* ServiceProvider */,
				310ED62E2103D5EB00BEB0F3 /* Views */,
				31C13D8320FA98E900433D7A /* Controllers */,
				310ED6242103643B00BEB0F3 /* Presenter */,
				31C13D8620FA9C9600433D7A /* Extensions */,
				31D5B2D020F6353B00D54FA5 /* Supporting Files */,
			);
			path = CUAEMoviesApp;
			sourceTree = "<group>";
		};
		31D5B2B620F62B1300D54FA5 /* CUAEMoviesAppTests */ = {
			isa = PBXGroup;
			children = (
				310ED63B2104A5B100BEB0F3 /* Mock */,
				31D5B2B720F62B1300D54FA5 /* CUAEMoviesAppTests.swift */,
				31D5B2B920F62B1300D54FA5 /* Info.plist */,
			);
			path = CUAEMoviesAppTests;
			sourceTree = "<group>";
		};
		31D5B2C120F62B1300D54FA5 /* CUAEMoviesAppUITests */ = {
			isa = PBXGroup;
			children = (
				31D5B2C220F62B1300D54FA5 /* CUAEMoviesAppUITests.swift */,
				31D5B2C420F62B1300D54FA5 /* Info.plist */,
			);
			path = CUAEMoviesAppUITests;
			sourceTree = "<group>";
		};
		31D5B2D020F6353B00D54FA5 /* Supporting Files */ = {
			isa = PBXGroup;
			children = (
				31D5B2A220F62B1100D54FA5 /* AppDelegate.swift */,
				31A2348120F75ADF00E4320F /* Fonts */,
				31D5B2D220F6356D00D54FA5 /* Config */,
				31D5B2D120F6354800D54FA5 /* Resources */,
			);
			path = "Supporting Files";
			sourceTree = "<group>";
		};
		31D5B2D120F6354800D54FA5 /* Resources */ = {
			isa = PBXGroup;
			children = (
				31A2347F20F75A6600E4320F /* splash.jpg */,
				31D5B2A920F62B1300D54FA5 /* Assets.xcassets */,
				31D5B2AB20F62B1300D54FA5 /* LaunchScreen.storyboard */,
			);
			path = Resources;
			sourceTree = "<group>";
		};
		31D5B2D220F6356D00D54FA5 /* Config */ = {
			isa = PBXGroup;
			children = (
				31D5B2AE20F62B1300D54FA5 /* Info.plist */,
			);
			path = Config;
			sourceTree = "<group>";
		};
		CC202EC71321023D27F624D3 /* Pods */ = {
			isa = PBXGroup;
			children = (
				9E870D6555B8E7D5B1F7D5DC /* Pods-CUAEMoviesApp.debug.xcconfig */,
				8A776F18BC7BE5EC76EA6B80 /* Pods-CUAEMoviesApp.release.xcconfig */,
				FF5774F070FE4B6D70F2E6AE /* Pods-CUAEMoviesAppTests.debug.xcconfig */,
				30B45DD235C26A23F81EA412 /* Pods-CUAEMoviesAppTests.release.xcconfig */,
				4A005A022D933F35F6303EA8 /* Pods-CUAEMoviesAppUITests.debug.xcconfig */,
				8F270403AFE4C256BF79D1C7 /* Pods-CUAEMoviesAppUITests.release.xcconfig */,
			);
			name = Pods;
			sourceTree = "<group>";
		};
/* End PBXGroup section */

/* Begin PBXNativeTarget section */
		31D5B29E20F62B1100D54FA5 /* CUAEMoviesApp */ = {
			isa = PBXNativeTarget;
			buildConfigurationList = 31D5B2C720F62B1300D54FA5 /* Build configuration list for PBXNativeTarget "CUAEMoviesApp" */;
			buildPhases = (
				E359AFC269EF0667D526BFF4 /* [CP] Check Pods Manifest.lock */,
				31D5B29B20F62B1100D54FA5 /* Sources */,
				31D5B29C20F62B1100D54FA5 /* Frameworks */,
				31D5B29D20F62B1100D54FA5 /* Resources */,
				9DFC0966AD4F41A9A14CF973 /* [CP] Embed Pods Frameworks */,
			);
			buildRules = (
			);
			dependencies = (
			);
			name = CUAEMoviesApp;
			productName = CUAEMoviesApp;
			productReference = 31D5B29F20F62B1100D54FA5 /* CUAEMoviesApp.app */;
			productType = "com.apple.product-type.application";
		};
		31D5B2B220F62B1300D54FA5 /* CUAEMoviesAppTests */ = {
			isa = PBXNativeTarget;
			buildConfigurationList = 31D5B2CA20F62B1300D54FA5 /* Build configuration list for PBXNativeTarget "CUAEMoviesAppTests" */;
			buildPhases = (
				90A817C660C211DBC4F937BD /* [CP] Check Pods Manifest.lock */,
				31D5B2AF20F62B1300D54FA5 /* Sources */,
				31D5B2B020F62B1300D54FA5 /* Frameworks */,
				31D5B2B120F62B1300D54FA5 /* Resources */,
			);
			buildRules = (
			);
			dependencies = (
				31D5B2B520F62B1300D54FA5 /* PBXTargetDependency */,
			);
			name = CUAEMoviesAppTests;
			productName = CUAEMoviesAppTests;
			productReference = 31D5B2B320F62B1300D54FA5 /* CUAEMoviesAppTests.xctest */;
			productType = "com.apple.product-type.bundle.unit-test";
		};
		31D5B2BD20F62B1300D54FA5 /* CUAEMoviesAppUITests */ = {
			isa = PBXNativeTarget;
			buildConfigurationList = 31D5B2CD20F62B1300D54FA5 /* Build configuration list for PBXNativeTarget "CUAEMoviesAppUITests" */;
			buildPhases = (
				5D1826B582CF9D8CBF3690B1 /* [CP] Check Pods Manifest.lock */,
				31D5B2BA20F62B1300D54FA5 /* Sources */,
				31D5B2BB20F62B1300D54FA5 /* Frameworks */,
				31D5B2BC20F62B1300D54FA5 /* Resources */,
			);
			buildRules = (
			);
			dependencies = (
				31D5B2C020F62B1300D54FA5 /* PBXTargetDependency */,
			);
			name = CUAEMoviesAppUITests;
			productName = CUAEMoviesAppUITests;
			productReference = 31D5B2BE20F62B1300D54FA5 /* CUAEMoviesAppUITests.xctest */;
			productType = "com.apple.product-type.bundle.ui-testing";
		};
/* End PBXNativeTarget section */

/* Begin PBXProject section */
		31D5B29720F62B1100D54FA5 /* Project object */ = {
			isa = PBXProject;
			attributes = {
				LastSwiftUpdateCheck = 0940;
				LastUpgradeCheck = 0940;
				ORGANIZATIONNAME = tr;
				TargetAttributes = {
					31D5B29E20F62B1100D54FA5 = {
						CreatedOnToolsVersion = 9.4.1;
					};
					31D5B2B220F62B1300D54FA5 = {
						CreatedOnToolsVersion = 9.4.1;
						TestTargetID = 31D5B29E20F62B1100D54FA5;
					};
					31D5B2BD20F62B1300D54FA5 = {
						CreatedOnToolsVersion = 9.4.1;
						TestTargetID = 31D5B29E20F62B1100D54FA5;
					};
				};
			};
			buildConfigurationList = 31D5B29A20F62B1100D54FA5 /* Build configuration list for PBXProject "CUAEMoviesApp" */;
			compatibilityVersion = "Xcode 9.3";
			developmentRegion = en;
			hasScannedForEncodings = 0;
			knownRegions = (
				en,
				Base,
			);
			mainGroup = 31D5B29620F62B1100D54FA5;
			productRefGroup = 31D5B2A020F62B1100D54FA5 /* Products */;
			projectDirPath = "";
			projectRoot = "";
			targets = (
				31D5B29E20F62B1100D54FA5 /* CUAEMoviesApp */,
				31D5B2B220F62B1300D54FA5 /* CUAEMoviesAppTests */,
				31D5B2BD20F62B1300D54FA5 /* CUAEMoviesAppUITests */,
			);
		};
/* End PBXProject section */

/* Begin PBXResourcesBuildPhase section */
		31D5B29D20F62B1100D54FA5 /* Resources */ = {
			isa = PBXResourcesBuildPhase;
			buildActionMask = 2147483647;
			files = (
				310ED6372103EF9D00BEB0F3 /* ErrorCell.xib in Resources */,
				31A2348720F75BA600E4320F /* CenturyGothicBold.ttf in Resources */,
				310ED6312103D5FD00BEB0F3 /* MovieCell.xib in Resources */,
				31A2348820F75BA600E4320F /* CenturyGothicRegular.ttf in Resources */,
				31A2348020F75A6600E4320F /* splash.jpg in Resources */,
				31D5B2AD20F62B1300D54FA5 /* LaunchScreen.storyboard in Resources */,
				31D5B2AA20F62B1300D54FA5 /* Assets.xcassets in Resources */,
				31D5B2A820F62B1100D54FA5 /* Main.storyboard in Resources */,
			);
			runOnlyForDeploymentPostprocessing = 0;
		};
		31D5B2B120F62B1300D54FA5 /* Resources */ = {
			isa = PBXResourcesBuildPhase;
			buildActionMask = 2147483647;
			files = (
			);
			runOnlyForDeploymentPostprocessing = 0;
		};
		31D5B2BC20F62B1300D54FA5 /* Resources */ = {
			isa = PBXResourcesBuildPhase;
			buildActionMask = 2147483647;
			files = (
			);
			runOnlyForDeploymentPostprocessing = 0;
		};
/* End PBXResourcesBuildPhase section */

/* Begin PBXShellScriptBuildPhase section */
		5D1826B582CF9D8CBF3690B1 /* [CP] Check Pods Manifest.lock */ = {
			isa = PBXShellScriptBuildPhase;
			buildActionMask = 2147483647;
			files = (
			);
			inputPaths = (
				"${PODS_PODFILE_DIR_PATH}/Podfile.lock",
				"${PODS_ROOT}/Manifest.lock",
			);
			name = "[CP] Check Pods Manifest.lock";
			outputPaths = (
				"$(DERIVED_FILE_DIR)/Pods-CUAEMoviesAppUITests-checkManifestLockResult.txt",
			);
			runOnlyForDeploymentPostprocessing = 0;
			shellPath = /bin/sh;
			shellScript = "diff \"${PODS_PODFILE_DIR_PATH}/Podfile.lock\" \"${PODS_ROOT}/Manifest.lock\" > /dev/null\nif [ $? != 0 ] ; then\n    # print error to STDERR\n    echo \"error: The sandbox is not in sync with the Podfile.lock. Run 'pod install' or update your CocoaPods installation.\" >&2\n    exit 1\nfi\n# This output is used by Xcode 'outputs' to avoid re-running this script phase.\necho \"SUCCESS\" > \"${SCRIPT_OUTPUT_FILE_0}\"\n";
			showEnvVarsInLog = 0;
		};
		90A817C660C211DBC4F937BD /* [CP] Check Pods Manifest.lock */ = {
			isa = PBXShellScriptBuildPhase;
			buildActionMask = 2147483647;
			files = (
			);
			inputPaths = (
				"${PODS_PODFILE_DIR_PATH}/Podfile.lock",
				"${PODS_ROOT}/Manifest.lock",
			);
			name = "[CP] Check Pods Manifest.lock";
			outputPaths = (
				"$(DERIVED_FILE_DIR)/Pods-CUAEMoviesAppTests-checkManifestLockResult.txt",
			);
			runOnlyForDeploymentPostprocessing = 0;
			shellPath = /bin/sh;
			shellScript = "diff \"${PODS_PODFILE_DIR_PATH}/Podfile.lock\" \"${PODS_ROOT}/Manifest.lock\" > /dev/null\nif [ $? != 0 ] ; then\n    # print error to STDERR\n    echo \"error: The sandbox is not in sync with the Podfile.lock. Run 'pod install' or update your CocoaPods installation.\" >&2\n    exit 1\nfi\n# This output is used by Xcode 'outputs' to avoid re-running this script phase.\necho \"SUCCESS\" > \"${SCRIPT_OUTPUT_FILE_0}\"\n";
			showEnvVarsInLog = 0;
		};
		9DFC0966AD4F41A9A14CF973 /* [CP] Embed Pods Frameworks */ = {
			isa = PBXShellScriptBuildPhase;
			buildActionMask = 2147483647;
			files = (
			);
			inputPaths = (
				"${SRCROOT}/Pods/Target Support Files/Pods-CUAEMoviesApp/Pods-CUAEMoviesApp-frameworks.sh",
				"${BUILT_PRODUCTS_DIR}/Alamofire/Alamofire.framework",
				"${BUILT_PRODUCTS_DIR}/IQKeyboardManagerSwift/IQKeyboardManagerSwift.framework",
				"${BUILT_PRODUCTS_DIR}/ObjectMapper/ObjectMapper.framework",
				"${BUILT_PRODUCTS_DIR}/SDWebImage/SDWebImage.framework",
				"${BUILT_PRODUCTS_DIR}/SVProgressHUD/SVProgressHUD.framework",
			);
			name = "[CP] Embed Pods Frameworks";
			outputPaths = (
				"${TARGET_BUILD_DIR}/${FRAMEWORKS_FOLDER_PATH}/Alamofire.framework",
				"${TARGET_BUILD_DIR}/${FRAMEWORKS_FOLDER_PATH}/IQKeyboardManagerSwift.framework",
				"${TARGET_BUILD_DIR}/${FRAMEWORKS_FOLDER_PATH}/ObjectMapper.framework",
				"${TARGET_BUILD_DIR}/${FRAMEWORKS_FOLDER_PATH}/SDWebImage.framework",
				"${TARGET_BUILD_DIR}/${FRAMEWORKS_FOLDER_PATH}/SVProgressHUD.framework",
			);
			runOnlyForDeploymentPostprocessing = 0;
			shellPath = /bin/sh;
			shellScript = "\"${SRCROOT}/Pods/Target Support Files/Pods-CUAEMoviesApp/Pods-CUAEMoviesApp-frameworks.sh\"\n";
			showEnvVarsInLog = 0;
		};
		E359AFC269EF0667D526BFF4 /* [CP] Check Pods Manifest.lock */ = {
			isa = PBXShellScriptBuildPhase;
			buildActionMask = 2147483647;
			files = (
			);
			inputPaths = (
				"${PODS_PODFILE_DIR_PATH}/Podfile.lock",
				"${PODS_ROOT}/Manifest.lock",
			);
			name = "[CP] Check Pods Manifest.lock";
			outputPaths = (
				"$(DERIVED_FILE_DIR)/Pods-CUAEMoviesApp-checkManifestLockResult.txt",
			);
			runOnlyForDeploymentPostprocessing = 0;
			shellPath = /bin/sh;
			shellScript = "diff \"${PODS_PODFILE_DIR_PATH}/Podfile.lock\" \"${PODS_ROOT}/Manifest.lock\" > /dev/null\nif [ $? != 0 ] ; then\n    # print error to STDERR\n    echo \"error: The sandbox is not in sync with the Podfile.lock. Run 'pod install' or update your CocoaPods installation.\" >&2\n    exit 1\nfi\n# This output is used by Xcode 'outputs' to avoid re-running this script phase.\necho \"SUCCESS\" > \"${SCRIPT_OUTPUT_FILE_0}\"\n";
			showEnvVarsInLog = 0;
		};
/* End PBXShellScriptBuildPhase section */

/* Begin PBXSourcesBuildPhase section */
		31D5B29B20F62B1100D54FA5 /* Sources */ = {
			isa = PBXSourcesBuildPhase;
			buildActionMask = 2147483647;
			files = (
				310ED6322103D5FD00BEB0F3 /* MovieCell.swift in Sources */,
				310ED62A2103D44300BEB0F3 /* UITableView+Extension.swift in Sources */,
				31C13D8D20FA9FE300433D7A /* MoviesDBUrls.swift in Sources */,
				31C13D9520FAB12700433D7A /* SearchResult.swift in Sources */,
				31C13D9820FAB5DA00433D7A /* Utils.swift in Sources */,
				310ED62C2103D48300BEB0F3 /* String+Extension.swift in Sources */,
				310ED6382103EF9D00BEB0F3 /* ErrorCell.swift in Sources */,
				31C13D8A20FA9D3500433D7A /* UIViewController+Extension.swift in Sources */,
				31C13D8F20FAA6E600433D7A /* AppServiceManager.swift in Sources */,
				31C13D9120FAA82700433D7A /* SearchManager.swift in Sources */,
				31D5B2A320F62B1100D54FA5 /* AppDelegate.swift in Sources */,
				310ED6262103646300BEB0F3 /* MoviesListPresenter.swift in Sources */,
				310ED6342103E06800BEB0F3 /* Constants.swift in Sources */,
				31C13D9620FAB12700433D7A /* Movie.swift in Sources */,
				31C13D8520FA990900433D7A /* MoviesListViewController.swift in Sources */,
			);
			runOnlyForDeploymentPostprocessing = 0;
		};
		31D5B2AF20F62B1300D54FA5 /* Sources */ = {
			isa = PBXSourcesBuildPhase;
			buildActionMask = 2147483647;
			files = (
				310ED6412104A5D500BEB0F3 /* MockSearchMovieTests.swift in Sources */,
				31D5B2B820F62B1300D54FA5 /* CUAEMoviesAppTests.swift in Sources */,
			);
			runOnlyForDeploymentPostprocessing = 0;
		};
		31D5B2BA20F62B1300D54FA5 /* Sources */ = {
			isa = PBXSourcesBuildPhase;
			buildActionMask = 2147483647;
			files = (
				31D5B2C320F62B1300D54FA5 /* CUAEMoviesAppUITests.swift in Sources */,
			);
			runOnlyForDeploymentPostprocessing = 0;
		};
/* End PBXSourcesBuildPhase section */

/* Begin PBXTargetDependency section */
		31D5B2B520F62B1300D54FA5 /* PBXTargetDependency */ = {
			isa = PBXTargetDependency;
			target = 31D5B29E20F62B1100D54FA5 /* CUAEMoviesApp */;
			targetProxy = 31D5B2B420F62B1300D54FA5 /* PBXContainerItemProxy */;
		};
		31D5B2C020F62B1300D54FA5 /* PBXTargetDependency */ = {
			isa = PBXTargetDependency;
			target = 31D5B29E20F62B1100D54FA5 /* CUAEMoviesApp */;
			targetProxy = 31D5B2BF20F62B1300D54FA5 /* PBXContainerItemProxy */;
		};
/* End PBXTargetDependency section */

/* Begin PBXVariantGroup section */
		31D5B2A620F62B1100D54FA5 /* Main.storyboard */ = {
			isa = PBXVariantGroup;
			children = (
				31D5B2A720F62B1100D54FA5 /* Base */,
				310ED6282103D2F000BEB0F3 /* en */,
			);
			name = Main.storyboard;
			sourceTree = "<group>";
		};
		31D5B2AB20F62B1300D54FA5 /* LaunchScreen.storyboard */ = {
			isa = PBXVariantGroup;
			children = (
				31D5B2AC20F62B1300D54FA5 /* Base */,
			);
			name = LaunchScreen.storyboard;
			sourceTree = "<group>";
		};
/* End PBXVariantGroup section */

/* Begin XCBuildConfiguration section */
		31D5B2C520F62B1300D54FA5 /* Debug */ = {
			isa = XCBuildConfiguration;
			buildSettings = {
				ALWAYS_SEARCH_USER_PATHS = NO;
				CLANG_ANALYZER_NONNULL = YES;
				CLANG_ANALYZER_NUMBER_OBJECT_CONVERSION = YES_AGGRESSIVE;
				CLANG_CXX_LANGUAGE_STANDARD = "gnu++14";
				CLANG_CXX_LIBRARY = "libc++";
				CLANG_ENABLE_MODULES = YES;
				CLANG_ENABLE_OBJC_ARC = YES;
				CLANG_ENABLE_OBJC_WEAK = YES;
				CLANG_WARN_BLOCK_CAPTURE_AUTORELEASING = YES;
				CLANG_WARN_BOOL_CONVERSION = YES;
				CLANG_WARN_COMMA = YES;
				CLANG_WARN_CONSTANT_CONVERSION = YES;
				CLANG_WARN_DEPRECATED_OBJC_IMPLEMENTATIONS = YES;
				CLANG_WARN_DIRECT_OBJC_ISA_USAGE = YES_ERROR;
				CLANG_WARN_DOCUMENTATION_COMMENTS = YES;
				CLANG_WARN_EMPTY_BODY = YES;
				CLANG_WARN_ENUM_CONVERSION = YES;
				CLANG_WARN_INFINITE_RECURSION = YES;
				CLANG_WARN_INT_CONVERSION = YES;
				CLANG_WARN_NON_LITERAL_NULL_CONVERSION = YES;
				CLANG_WARN_OBJC_IMPLICIT_RETAIN_SELF = YES;
				CLANG_WARN_OBJC_LITERAL_CONVERSION = YES;
				CLANG_WARN_OBJC_ROOT_CLASS = YES_ERROR;
				CLANG_WARN_RANGE_LOOP_ANALYSIS = YES;
				CLANG_WARN_STRICT_PROTOTYPES = YES;
				CLANG_WARN_SUSPICIOUS_MOVE = YES;
				CLANG_WARN_UNGUARDED_AVAILABILITY = YES_AGGRESSIVE;
				CLANG_WARN_UNREACHABLE_CODE = YES;
				CLANG_WARN__DUPLICATE_METHOD_MATCH = YES;
				CODE_SIGN_IDENTITY = "iPhone Developer";
				COPY_PHASE_STRIP = NO;
				DEBUG_INFORMATION_FORMAT = dwarf;
				ENABLE_STRICT_OBJC_MSGSEND = YES;
				ENABLE_TESTABILITY = YES;
				GCC_C_LANGUAGE_STANDARD = gnu11;
				GCC_DYNAMIC_NO_PIC = NO;
				GCC_NO_COMMON_BLOCKS = YES;
				GCC_OPTIMIZATION_LEVEL = 0;
				GCC_PREPROCESSOR_DEFINITIONS = (
					"DEBUG=1",
					"$(inherited)",
				);
				GCC_WARN_64_TO_32_BIT_CONVERSION = YES;
				GCC_WARN_ABOUT_RETURN_TYPE = YES_ERROR;
				GCC_WARN_UNDECLARED_SELECTOR = YES;
				GCC_WARN_UNINITIALIZED_AUTOS = YES_AGGRESSIVE;
				GCC_WARN_UNUSED_FUNCTION = YES;
				GCC_WARN_UNUSED_VARIABLE = YES;
				IPHONEOS_DEPLOYMENT_TARGET = 11.4;
				MTL_ENABLE_DEBUG_INFO = YES;
				ONLY_ACTIVE_ARCH = YES;
				SDKROOT = iphoneos;
				SWIFT_ACTIVE_COMPILATION_CONDITIONS = DEBUG;
				SWIFT_OPTIMIZATION_LEVEL = "-Onone";
			};
			name = Debug;
		};
		31D5B2C620F62B1300D54FA5 /* Release */ = {
			isa = XCBuildConfiguration;
			buildSettings = {
				ALWAYS_SEARCH_USER_PATHS = NO;
				CLANG_ANALYZER_NONNULL = YES;
				CLANG_ANALYZER_NUMBER_OBJECT_CONVERSION = YES_AGGRESSIVE;
				CLANG_CXX_LANGUAGE_STANDARD = "gnu++14";
				CLANG_CXX_LIBRARY = "libc++";
				CLANG_ENABLE_MODULES = YES;
				CLANG_ENABLE_OBJC_ARC = YES;
				CLANG_ENABLE_OBJC_WEAK = YES;
				CLANG_WARN_BLOCK_CAPTURE_AUTORELEASING = YES;
				CLANG_WARN_BOOL_CONVERSION = YES;
				CLANG_WARN_COMMA = YES;
				CLANG_WARN_CONSTANT_CONVERSION = YES;
				CLANG_WARN_DEPRECATED_OBJC_IMPLEMENTATIONS = YES;
				CLANG_WARN_DIRECT_OBJC_ISA_USAGE = YES_ERROR;
				CLANG_WARN_DOCUMENTATION_COMMENTS = YES;
				CLANG_WARN_EMPTY_BODY = YES;
				CLANG_WARN_ENUM_CONVERSION = YES;
				CLANG_WARN_INFINITE_RECURSION = YES;
				CLANG_WARN_INT_CONVERSION = YES;
				CLANG_WARN_NON_LITERAL_NULL_CONVERSION = YES;
				CLANG_WARN_OBJC_IMPLICIT_RETAIN_SELF = YES;
				CLANG_WARN_OBJC_LITERAL_CONVERSION = YES;
				CLANG_WARN_OBJC_ROOT_CLASS = YES_ERROR;
				CLANG_WARN_RANGE_LOOP_ANALYSIS = YES;
				CLANG_WARN_STRICT_PROTOTYPES = YES;
				CLANG_WARN_SUSPICIOUS_MOVE = YES;
				CLANG_WARN_UNGUARDED_AVAILABILITY = YES_AGGRESSIVE;
				CLANG_WARN_UNREACHABLE_CODE = YES;
				CLANG_WARN__DUPLICATE_METHOD_MATCH = YES;
				CODE_SIGN_IDENTITY = "iPhone Developer";
				COPY_PHASE_STRIP = NO;
				DEBUG_INFORMATION_FORMAT = "dwarf-with-dsym";
				ENABLE_NS_ASSERTIONS = NO;
				ENABLE_STRICT_OBJC_MSGSEND = YES;
				GCC_C_LANGUAGE_STANDARD = gnu11;
				GCC_NO_COMMON_BLOCKS = YES;
				GCC_WARN_64_TO_32_BIT_CONVERSION = YES;
				GCC_WARN_ABOUT_RETURN_TYPE = YES_ERROR;
				GCC_WARN_UNDECLARED_SELECTOR = YES;
				GCC_WARN_UNINITIALIZED_AUTOS = YES_AGGRESSIVE;
				GCC_WARN_UNUSED_FUNCTION = YES;
				GCC_WARN_UNUSED_VARIABLE = YES;
				IPHONEOS_DEPLOYMENT_TARGET = 11.4;
				MTL_ENABLE_DEBUG_INFO = NO;
				SDKROOT = iphoneos;
				SWIFT_COMPILATION_MODE = wholemodule;
				SWIFT_OPTIMIZATION_LEVEL = "-O";
				VALIDATE_PRODUCT = YES;
			};
			name = Release;
		};
		31D5B2C820F62B1300D54FA5 /* Debug */ = {
			isa = XCBuildConfiguration;
			baseConfigurationReference = 9E870D6555B8E7D5B1F7D5DC /* Pods-CUAEMoviesApp.debug.xcconfig */;
			buildSettings = {
				ASSETCATALOG_COMPILER_APPICON_NAME = AppIcon;
				CODE_SIGN_STYLE = Automatic;
				DEVELOPMENT_TEAM = WKU7Q27TE6;
				INFOPLIST_FILE = "$(SRCROOT)/CUAEMoviesApp/Supporting Files/Config/Info.plist";
				IPHONEOS_DEPLOYMENT_TARGET = 9.0;
				LD_RUNPATH_SEARCH_PATHS = (
					"$(inherited)",
					"@executable_path/Frameworks",
				);
				PRODUCT_BUNDLE_IDENTIFIER = com.careem.CUAEMoviesApp;
				PRODUCT_NAME = "$(TARGET_NAME)";
				SWIFT_VERSION = 4.0;
				TARGETED_DEVICE_FAMILY = 1;
			};
			name = Debug;
		};
		31D5B2C920F62B1300D54FA5 /* Release */ = {
			isa = XCBuildConfiguration;
			baseConfigurationReference = 8A776F18BC7BE5EC76EA6B80 /* Pods-CUAEMoviesApp.release.xcconfig */;
			buildSettings = {
				ASSETCATALOG_COMPILER_APPICON_NAME = AppIcon;
				CODE_SIGN_STYLE = Automatic;
				DEVELOPMENT_TEAM = WKU7Q27TE6;
				INFOPLIST_FILE = "$(SRCROOT)/CUAEMoviesApp/Supporting Files/Config/Info.plist";
				IPHONEOS_DEPLOYMENT_TARGET = 9.0;
				LD_RUNPATH_SEARCH_PATHS = (
					"$(inherited)",
					"@executable_path/Frameworks",
				);
				PRODUCT_BUNDLE_IDENTIFIER = com.careem.CUAEMoviesApp;
				PRODUCT_NAME = "$(TARGET_NAME)";
				SWIFT_VERSION = 4.0;
				TARGETED_DEVICE_FAMILY = 1;
			};
			name = Release;
		};
		31D5B2CB20F62B1300D54FA5 /* Debug */ = {
			isa = XCBuildConfiguration;
			baseConfigurationReference = FF5774F070FE4B6D70F2E6AE /* Pods-CUAEMoviesAppTests.debug.xcconfig */;
			buildSettings = {
				ALWAYS_EMBED_SWIFT_STANDARD_LIBRARIES = YES;
				BUNDLE_LOADER = "$(TEST_HOST)";
				CODE_SIGN_STYLE = Automatic;
				DEVELOPMENT_TEAM = P422QN8MZP;
				INFOPLIST_FILE = CUAEMoviesAppTests/Info.plist;
				LD_RUNPATH_SEARCH_PATHS = (
					"$(inherited)",
					"@executable_path/Frameworks",
					"@loader_path/Frameworks",
				);
				PRODUCT_BUNDLE_IDENTIFIER = com.careem.CUAEMoviesAppTests;
				PRODUCT_NAME = "$(TARGET_NAME)";
				SWIFT_VERSION = 4.0;
				TARGETED_DEVICE_FAMILY = "1,2";
				TEST_HOST = "$(BUILT_PRODUCTS_DIR)/CUAEMoviesApp.app/CUAEMoviesApp";
			};
			name = Debug;
		};
		31D5B2CC20F62B1300D54FA5 /* Release */ = {
			isa = XCBuildConfiguration;
			baseConfigurationReference = 30B45DD235C26A23F81EA412 /* Pods-CUAEMoviesAppTests.release.xcconfig */;
			buildSettings = {
				ALWAYS_EMBED_SWIFT_STANDARD_LIBRARIES = YES;
				BUNDLE_LOADER = "$(TEST_HOST)";
				CODE_SIGN_STYLE = Automatic;
				DEVELOPMENT_TEAM = P422QN8MZP;
				INFOPLIST_FILE = CUAEMoviesAppTests/Info.plist;
				LD_RUNPATH_SEARCH_PATHS = (
					"$(inherited)",
					"@executable_path/Frameworks",
					"@loader_path/Frameworks",
				);
				PRODUCT_BUNDLE_IDENTIFIER = com.careem.CUAEMoviesAppTests;
				PRODUCT_NAME = "$(TARGET_NAME)";
				SWIFT_VERSION = 4.0;
				TARGETED_DEVICE_FAMILY = "1,2";
				TEST_HOST = "$(BUILT_PRODUCTS_DIR)/CUAEMoviesApp.app/CUAEMoviesApp";
			};
			name = Release;
		};
		31D5B2CE20F62B1300D54FA5 /* Debug */ = {
			isa = XCBuildConfiguration;
			baseConfigurationReference = 4A005A022D933F35F6303EA8 /* Pods-CUAEMoviesAppUITests.debug.xcconfig */;
			buildSettings = {
				ALWAYS_EMBED_SWIFT_STANDARD_LIBRARIES = YES;
				CODE_SIGN_STYLE = Automatic;
				DEVELOPMENT_TEAM = P422QN8MZP;
				INFOPLIST_FILE = CUAEMoviesAppUITests/Info.plist;
				LD_RUNPATH_SEARCH_PATHS = (
					"$(inherited)",
					"@executable_path/Frameworks",
					"@loader_path/Frameworks",
				);
				PRODUCT_BUNDLE_IDENTIFIER = com.careem.CUAEMoviesAppUITests;
				PRODUCT_NAME = "$(TARGET_NAME)";
				SWIFT_VERSION = 4.0;
				TARGETED_DEVICE_FAMILY = "1,2";
				TEST_TARGET_NAME = CUAEMoviesApp;
			};
			name = Debug;
		};
		31D5B2CF20F62B1300D54FA5 /* Release */ = {
			isa = XCBuildConfiguration;
			baseConfigurationReference = 8F270403AFE4C256BF79D1C7 /* Pods-CUAEMoviesAppUITests.release.xcconfig */;
			buildSettings = {
				ALWAYS_EMBED_SWIFT_STANDARD_LIBRARIES = YES;
				CODE_SIGN_STYLE = Automatic;
				DEVELOPMENT_TEAM = P422QN8MZP;
				INFOPLIST_FILE = CUAEMoviesAppUITests/Info.plist;
				LD_RUNPATH_SEARCH_PATHS = (
					"$(inherited)",
					"@executable_path/Frameworks",
					"@loader_path/Frameworks",
				);
				PRODUCT_BUNDLE_IDENTIFIER = com.careem.CUAEMoviesAppUITests;
				PRODUCT_NAME = "$(TARGET_NAME)";
				SWIFT_VERSION = 4.0;
				TARGETED_DEVICE_FAMILY = "1,2";
				TEST_TARGET_NAME = CUAEMoviesApp;
			};
			name = Release;
		};
/* End XCBuildConfiguration section */

/* Begin XCConfigurationList section */
		31D5B29A20F62B1100D54FA5 /* Build configuration list for PBXProject "CUAEMoviesApp" */ = {
			isa = XCConfigurationList;
			buildConfigurations = (
				31D5B2C520F62B1300D54FA5 /* Debug */,
				31D5B2C620F62B1300D54FA5 /* Release */,
			);
			defaultConfigurationIsVisible = 0;
			defaultConfigurationName = Release;
		};
		31D5B2C720F62B1300D54FA5 /* Build configuration list for PBXNativeTarget "CUAEMoviesApp" */ = {
			isa = XCConfigurationList;
			buildConfigurations = (
				31D5B2C820F62B1300D54FA5 /* Debug */,
				31D5B2C920F62B1300D54FA5 /* Release */,
			);
			defaultConfigurationIsVisible = 0;
			defaultConfigurationName = Release;
		};
		31D5B2CA20F62B1300D54FA5 /* Build configuration list for PBXNativeTarget "CUAEMoviesAppTests" */ = {
			isa = XCConfigurationList;
			buildConfigurations = (
				31D5B2CB20F62B1300D54FA5 /* Debug */,
				31D5B2CC20F62B1300D54FA5 /* Release */,
			);
			defaultConfigurationIsVisible = 0;
			defaultConfigurationName = Release;
		};
		31D5B2CD20F62B1300D54FA5 /* Build configuration list for PBXNativeTarget "CUAEMoviesAppUITests" */ = {
			isa = XCConfigurationList;
			buildConfigurations = (
				31D5B2CE20F62B1300D54FA5 /* Debug */,
				31D5B2CF20F62B1300D54FA5 /* Release */,
			);
			defaultConfigurationIsVisible = 0;
			defaultConfigurationName = Release;
		};
/* End XCConfigurationList section */
	};
	rootObject = 31D5B29720F62B1100D54FA5 /* Project object */;
}
